
Microsoft Visual Studio Solution File, Format Version 12.00
# Visual Studio Version 16
VisualStudioVersion = 16.0.30413.136
MinimumVisualStudioVersion = 10.0.40219.1
Project("{FAE04EC0-301F-11D3-BF4B-00C04F79EFBC}") = "DogFetchApp", "DogFetchApp\DogFetchApp.csproj", "{62B698BF-7B52-440B-84A0-12942D0F1FDE}"
EndProject
Project("{FAE04EC0-301F-11D3-BF4B-00C04F79EFBC}") = "ApiHelper", "ApiHelper\ApiHelper.csproj", "{CE5DBC45-7C8F-45C4-A0C8-183AFA6F8CDB}"
EndProject
Global
	GlobalSection(SolutionConfigurationPlatforms) = preSolution
		Debug|Any CPU = Debug|Any CPU
		Release|Any CPU = Release|Any CPU
	EndGlobalSection
	GlobalSection(ProjectConfigurationPlatforms) = postSolution
		{62B698BF-7B52-440B-84A0-12942D0F1FDE}.Debug|Any CPU.ActiveCfg = Debug|Any CPU
		{62B698BF-7B52-440B-84A0-12942D0F1FDE}.Debug|Any CPU.Build.0 = Debug|Any CPU
		{62B698BF-7B52-440B-84A0-12942D0F1FDE}.Release|Any CPU.ActiveCfg = Release|Any CPU
		{62B698BF-7B52-440B-84A0-12942D0F1FDE}.Release|Any CPU.Build.0 = Release|Any CPU
		{CE5DBC45-7C8F-45C4-A0C8-183AFA6F8CDB}.Debug|Any CPU.ActiveCfg = Debug|Any CPU
		{CE5DBC45-7C8F-45C4-A0C8-183AFA6F8CDB}.Debug|Any CPU.Build.0 = Debug|Any CPU
		{CE5DBC45-7C8F-45C4-A0C8-183AFA6F8CDB}.Release|Any CPU.ActiveCfg = Release|Any CPU
		{CE5DBC45-7C8F-45C4-A0C8-183AFA6F8CDB}.Release|Any CPU.Build.0 = Release|Any CPU
	EndGlobalSection
	GlobalSection(SolutionProperties) = preSolution
		HideSolutionNode = FALSE
	EndGlobalSection
	GlobalSection(ExtensibilityGlobals) = postSolution
		SolutionGuid = {4FCB9D30-78A1-4FCB-AEF4-98D5EB83655B}
	EndGlobalSection
EndGlobal
